
Microsoft Visual Studio Solution File, Format Version 12.00
# Visual Studio 15
VisualStudioVersion = 15.0.26730.16
MinimumVisualStudioVersion = 10.0.40219.1
Project("{FAE04EC0-301F-11D3-BF4B-00C04F79EFBC}") = "Contacts", "Contacts\Contacts.csproj", "{37093FCC-CB67-47F4-994F-1ED8D7562A24}"
EndProject
Global
	GlobalSection(SolutionConfigurationPlatforms) = preSolution
		Debug|Any CPU = Debug|Any CPU
		Release|Any CPU = Release|Any CPU
	EndGlobalSection
	GlobalSection(ProjectConfigurationPlatforms) = postSolution
		{37093FCC-CB67-47F4-994F-1ED8D7562A24}.Debug|Any CPU.ActiveCfg = Debug|Any CPU
		{37093FCC-CB67-47F4-994F-1ED8D7562A24}.Debug|Any CPU.Build.0 = Debug|Any CPU
		{37093FCC-CB67-47F4-994F-1ED8D7562A24}.Release|Any CPU.ActiveCfg = Release|Any CPU
		{37093FCC-CB67-47F4-994F-1ED8D7562A24}.Release|Any CPU.Build.0 = Release|Any CPU
	EndGlobalSection
	GlobalSection(SolutionProperties) = preSolution
		HideSolutionNode = FALSE
	EndGlobalSection
	GlobalSection(ExtensibilityGlobals) = postSolution
		SolutionGuid = {45822A24-C9CC-4981-8279-5433744FE94A}
	EndGlobalSection
EndGlobal
